{
  "version": 4,
  "terraform_version": "1.3.6",
  "serial": 32,
  "lineage": "a9cb2c68-09a8-bc16-122c-fc33ccd9c988",
  "outputs": {},
  "resources": [
    {
      "module": "module.Big_query",
      "mode": "managed",
      "type": "google_bigquery_dataset",
      "name": "aaron_dataset",
      "provider": "provider[\"registry.terraform.io/hashicorp/google\"]",
      "instances": [
        {
          "schema_version": 0,
          "attributes": {
            "access": [
              {
                "dataset": [],
                "domain": "",
                "group_by_email": "",
                "role": "OWNER",
                "routine": [],
                "special_group": "",
                "user_by_email": "aaron.john@sada.com",
                "view": []
              }
            ],
            "creation_time": 1675252046381,
            "dataset_id": "sustain_it_dataset",
            "default_encryption_configuration": [],
            "default_partition_expiration_ms": 0,
            "default_table_expiration_ms": 0,
            "delete_contents_on_destroy": false,
            "description": "use-case dataset",
            "etag": "YDsrXFqBb2KQdo3fMhJZug==",
            "friendly_name": "test",
            "id": "projects/sadaindia-tvm-poc-de/datasets/sustain_it_dataset",
            "labels": {
              "env": "default"
            },
            "last_modified_time": 1675252046381,
            "location": "us-central1",
            "max_time_travel_hours": "",
            "project": "sadaindia-tvm-poc-de",
            "self_link": "https://bigquery.googleapis.com/bigquery/v2/projects/sadaindia-tvm-poc-de/datasets/sustain_it_dataset",
            "timeouts": null
          },
          "sensitive_attributes": [],
          "private": "eyJlMmJmYjczMC1lY2FhLTExZTYtOGY4OC0zNDM2M2JjN2M0YzAiOnsiY3JlYXRlIjoxMjAwMDAwMDAwMDAwLCJkZWxldGUiOjEyMDAwMDAwMDAwMDAsInVwZGF0ZSI6MTIwMDAwMDAwMDAwMH19"
        }
      ]
    },
    {
      "module": "module.Big_query",
      "mode": "managed",
      "type": "google_bigquery_table",
      "name": "query_table",
      "provider": "provider[\"registry.terraform.io/hashicorp/google\"]",
      "instances": [
        {
          "schema_version": 0,
          "attributes": {
            "clustering": [
              "Category",
              "Sub_Category"
            ],
            "creation_time": 1675252047471,
            "dataset_id": "usecase_dataset",
            "deletion_protection": false,
            "description": "",
            "encryption_configuration": [],
            "etag": "qgFVX8mQ8OrtLYhzXbXxwA==",
            "expiration_time": 0,
            "external_data_configuration": [],
            "friendly_name": "",
            "id": "projects/sadaindia-tvm-poc-de/datasets/usecase_dataset/tables/usecase_table",
            "labels": {},
            "last_modified_time": 1675252047535,
            "location": "US",
            "materialized_view": [],
            "num_bytes": 0,
            "num_long_term_bytes": 0,
            "num_rows": 0,
            "project": "sadaindia-tvm-poc-de",
            "range_partitioning": [],
            "schema": "[{\"mode\":\"NULLABLE\",\"name\":\"Contributor\",\"type\":\"STRING\"},{\"mode\":\"REQUIRED\",\"name\":\"Sub_Category\",\"type\":\"STRING\"},{\"mode\":\"REQUIRED\",\"name\":\"Category\",\"type\":\"STRING\"},{\"mode\":\"NULLABLE\",\"name\":\"Multiplying_Factor\",\"type\":\"INTEGER\"},{\"mode\":\"NULLABLE\",\"name\":\"Area_code\",\"type\":\"STRING\"},{\"fields\":[{\"mode\":\"NULLABLE\",\"name\":\"Feature_1\",\"type\":\"FLOAT\"},{\"mode\":\"NULLABLE\",\"name\":\"Feature_2\",\"type\":\"FLOAT\"},{\"mode\":\"REPEATED\",\"name\":\"Feature_3\",\"type\":\"INTEGER\"}],\"mode\":\"NULLABLE\",\"name\":\"Feature_Factors\",\"type\":\"RECORD\"}]",
            "self_link": "https://bigquery.googleapis.com/bigquery/v2/projects/sadaindia-tvm-poc-de/datasets/usecase_dataset/tables/usecase_table",
            "table_id": "usecase_table",
            "time_partitioning": [],
            "type": "TABLE",
            "view": []
          },
          "sensitive_attributes": [],
          "private": "bnVsbA==",
          "dependencies": [
            "module.Big_query.google_bigquery_dataset.aaron_dataset"
          ]
        }
      ]
    }
  ],
  "check_results": null
}
